// !$*UTF8*$!
{
	archiveVersion = 1;
	classes = {
	};
	objectVersion = 50;
	objects = {

/* Begin PBXBuildFile section */
		931943442228765400367A7F /* XMLElementFinder.swift in Sources */ = {isa = PBXBuildFile; fileRef = 931943432228765400367A7F /* XMLElementFinder.swift */; };
		931943472228881E00367A7F /* Style.swift in Sources */ = {isa = PBXBuildFile; fileRef = 93194345222886FA00367A7F /* Style.swift */; };
		936D007C22384A1400233830 /* SnapshotTesting.framework in Frameworks */ = {isa = PBXBuildFile; fileRef = 936D007A2238496A00233830 /* SnapshotTesting.framework */; };
		936D007E22384A5B00233830 /* SnapshotTesting.framework in CopyFiles */ = {isa = PBXBuildFile; fileRef = 936D007A2238496A00233830 /* SnapshotTesting.framework */; settings = {ATTRIBUTES = (CodeSignOnCopy, RemoveHeadersOnCopy, ); }; };
		936D0087223983F400233830 /* ViewModel.swift in Sources */ = {isa = PBXBuildFile; fileRef = 936D0085223983C400233830 /* ViewModel.swift */; };
		93872221222DC1C5009EFC54 /* AppDriver.swift in Sources */ = {isa = PBXBuildFile; fileRef = 93872220222DC1C5009EFC54 /* AppDriver.swift */; };
		93CC87EF222D72840003A316 /* FlightComputer.swift in Sources */ = {isa = PBXBuildFile; fileRef = 93CC87EE222D72840003A316 /* FlightComputer.swift */; };
		93D4000B2227195C0074BCF3 /* AppDelegate.swift in Sources */ = {isa = PBXBuildFile; fileRef = 93D4000A2227195C0074BCF3 /* AppDelegate.swift */; };
		93D400122227195D0074BCF3 /* Assets.xcassets in Resources */ = {isa = PBXBuildFile; fileRef = 93D400112227195D0074BCF3 /* Assets.xcassets */; };
		93D400152227195D0074BCF3 /* LaunchScreen.storyboard in Resources */ = {isa = PBXBuildFile; fileRef = 93D400132227195D0074BCF3 /* LaunchScreen.storyboard */; };
		93D400202227195D0074BCF3 /* ReactiveDemoTests.swift in Sources */ = {isa = PBXBuildFile; fileRef = 93D4001F2227195D0074BCF3 /* ReactiveDemoTests.swift */; };
		93D40038222719870074BCF3 /* ReactiveDemoKit.framework in Frameworks */ = {isa = PBXBuildFile; fileRef = 93D4002F222719860074BCF3 /* ReactiveDemoKit.framework */; };
		93D4003F222719870074BCF3 /* ReactiveDemoKitTests.swift in Sources */ = {isa = PBXBuildFile; fileRef = 93D4003E222719870074BCF3 /* ReactiveDemoKitTests.swift */; };
		93D40041222719870074BCF3 /* ReactiveDemoKit.h in Headers */ = {isa = PBXBuildFile; fileRef = 93D40031222719860074BCF3 /* ReactiveDemoKit.h */; settings = {ATTRIBUTES = (Public, ); }; };
		93D40044222719870074BCF3 /* ReactiveDemoKit.framework in Frameworks */ = {isa = PBXBuildFile; fileRef = 93D4002F222719860074BCF3 /* ReactiveDemoKit.framework */; };
		93D40045222719870074BCF3 /* ReactiveDemoKit.framework in Embed Frameworks */ = {isa = PBXBuildFile; fileRef = 93D4002F222719860074BCF3 /* ReactiveDemoKit.framework */; settings = {ATTRIBUTES = (CodeSignOnCopy, RemoveHeadersOnCopy, ); }; };
		93D4004E22271C640074BCF3 /* ViewController.swift in Sources */ = {isa = PBXBuildFile; fileRef = 93D4000C2227195C0074BCF3 /* ViewController.swift */; };
		93D40055222720FA0074BCF3 /* ReactiveSwift.framework in Frameworks */ = {isa = PBXBuildFile; fileRef = 93D40050222720FA0074BCF3 /* ReactiveSwift.framework */; };
		93D40056222720FA0074BCF3 /* ReactiveCocoa.framework in Frameworks */ = {isa = PBXBuildFile; fileRef = 93D40051222720FA0074BCF3 /* ReactiveCocoa.framework */; };
		93D40057222720FA0074BCF3 /* Tagged.framework in Frameworks */ = {isa = PBXBuildFile; fileRef = 93D40052222720FA0074BCF3 /* Tagged.framework */; };
		93D40058222720FA0074BCF3 /* Result.framework in Frameworks */ = {isa = PBXBuildFile; fileRef = 93D40053222720FA0074BCF3 /* Result.framework */; };
		93D40059222720FA0074BCF3 /* Overture.framework in Frameworks */ = {isa = PBXBuildFile; fileRef = 93D40054222720FA0074BCF3 /* Overture.framework */; };
		93D4005C222722970074BCF3 /* Overture.framework in CopyFiles */ = {isa = PBXBuildFile; fileRef = 93D40054222720FA0074BCF3 /* Overture.framework */; };
		93D4005D222722970074BCF3 /* ReactiveCocoa.framework in CopyFiles */ = {isa = PBXBuildFile; fileRef = 93D40051222720FA0074BCF3 /* ReactiveCocoa.framework */; };
		93D4005E222722970074BCF3 /* ReactiveSwift.framework in CopyFiles */ = {isa = PBXBuildFile; fileRef = 93D40050222720FA0074BCF3 /* ReactiveSwift.framework */; };
		93D4005F222722970074BCF3 /* Result.framework in CopyFiles */ = {isa = PBXBuildFile; fileRef = 93D40053222720FA0074BCF3 /* Result.framework */; };
		93D40060222722970074BCF3 /* Tagged.framework in CopyFiles */ = {isa = PBXBuildFile; fileRef = 93D40052222720FA0074BCF3 /* Tagged.framework */; };
		93D400682227257B0074BCF3 /* ReactiveMapKit.framework in Frameworks */ = {isa = PBXBuildFile; fileRef = 93D400672227257B0074BCF3 /* ReactiveMapKit.framework */; };
		93D40069222725870074BCF3 /* ReactiveMapKit.framework in CopyFiles */ = {isa = PBXBuildFile; fileRef = 93D400672227257B0074BCF3 /* ReactiveMapKit.framework */; };
		93D4006D222725F60074BCF3 /* Environment.swift in Sources */ = {isa = PBXBuildFile; fileRef = 93D4006A222725D50074BCF3 /* Environment.swift */; };
		93D4006F222726770074BCF3 /* AnyLocationProvider.swift in Sources */ = {isa = PBXBuildFile; fileRef = 93D4006E222726770074BCF3 /* AnyLocationProvider.swift */; };
		93D40071222726B60074BCF3 /* LocationProviding.swift in Sources */ = {isa = PBXBuildFile; fileRef = 93D40070222726B60074BCF3 /* LocationProviding.swift */; };
		93D40075222726E00074BCF3 /* MockLocationProvider.swift in Sources */ = {isa = PBXBuildFile; fileRef = 93D40074222726E00074BCF3 /* MockLocationProvider.swift */; };
		93D400762227272F0074BCF3 /* CoreLocationProvider.swift in Sources */ = {isa = PBXBuildFile; fileRef = 93D40072222726CF0074BCF3 /* CoreLocationProvider.swift */; };
		93D4007922273B880074BCF3 /* ForeFlightClient.swift in Sources */ = {isa = PBXBuildFile; fileRef = 93D4007722273B850074BCF3 /* ForeFlightClient.swift */; };
/* End PBXBuildFile section */

/* Begin PBXContainerItemProxy section */
		93D4001C2227195D0074BCF3 /* PBXContainerItemProxy */ = {
			isa = PBXContainerItemProxy;
			containerPortal = 93D4FFFF2227195C0074BCF3 /* Project object */;
			proxyType = 1;
			remoteGlobalIDString = 93D400062227195C0074BCF3;
			remoteInfo = ReactiveDemo;
		};
		93D40039222719870074BCF3 /* PBXContainerItemProxy */ = {
			isa = PBXContainerItemProxy;
			containerPortal = 93D4FFFF2227195C0074BCF3 /* Project object */;
			proxyType = 1;
			remoteGlobalIDString = 93D4002E222719860074BCF3;
			remoteInfo = ReactiveDemoKit;
		};
		93D4003B222719870074BCF3 /* PBXContainerItemProxy */ = {
			isa = PBXContainerItemProxy;
			containerPortal = 93D4FFFF2227195C0074BCF3 /* Project object */;
			proxyType = 1;
			remoteGlobalIDString = 93D400062227195C0074BCF3;
			remoteInfo = ReactiveDemo;
		};
		93D40042222719870074BCF3 /* PBXContainerItemProxy */ = {
			isa = PBXContainerItemProxy;
			containerPortal = 93D4FFFF2227195C0074BCF3 /* Project object */;
			proxyType = 1;
			remoteGlobalIDString = 93D4002E222719860074BCF3;
			remoteInfo = ReactiveDemoKit;
		};
/* End PBXContainerItemProxy section */

/* Begin PBXCopyFilesBuildPhase section */
		936D007D22384A4200233830 /* CopyFiles */ = {
			isa = PBXCopyFilesBuildPhase;
			buildActionMask = 2147483647;
			dstPath = "";
			dstSubfolderSpec = 10;
			files = (
				936D007E22384A5B00233830 /* SnapshotTesting.framework in CopyFiles */,
			);
			runOnlyForDeploymentPostprocessing = 0;
		};
		93D40049222719870074BCF3 /* Embed Frameworks */ = {
			isa = PBXCopyFilesBuildPhase;
			buildActionMask = 2147483647;
			dstPath = "";
			dstSubfolderSpec = 10;
			files = (
				93D40045222719870074BCF3 /* ReactiveDemoKit.framework in Embed Frameworks */,
			);
			name = "Embed Frameworks";
			runOnlyForDeploymentPostprocessing = 0;
		};
		93D4005B222722760074BCF3 /* CopyFiles */ = {
			isa = PBXCopyFilesBuildPhase;
			buildActionMask = 2147483647;
			dstPath = "";
			dstSubfolderSpec = 16;
			files = (
				93D4005C222722970074BCF3 /* Overture.framework in CopyFiles */,
				93D4005D222722970074BCF3 /* ReactiveCocoa.framework in CopyFiles */,
				93D4005E222722970074BCF3 /* ReactiveSwift.framework in CopyFiles */,
				93D40069222725870074BCF3 /* ReactiveMapKit.framework in CopyFiles */,
				93D4005F222722970074BCF3 /* Result.framework in CopyFiles */,
				93D40060222722970074BCF3 /* Tagged.framework in CopyFiles */,
			);
			runOnlyForDeploymentPostprocessing = 0;
		};
/* End PBXCopyFilesBuildPhase section */

/* Begin PBXFileReference section */
		931943432228765400367A7F /* XMLElementFinder.swift */ = {isa = PBXFileReference; lastKnownFileType = sourcecode.swift; path = XMLElementFinder.swift; sourceTree = "<group>"; };
		93194345222886FA00367A7F /* Style.swift */ = {isa = PBXFileReference; lastKnownFileType = sourcecode.swift; path = Style.swift; sourceTree = "<group>"; };
		936D007A2238496A00233830 /* SnapshotTesting.framework */ = {isa = PBXFileReference; lastKnownFileType = wrapper.framework; name = SnapshotTesting.framework; path = Carthage/Build/iOS/SnapshotTesting.framework; sourceTree = "<group>"; };
		936D0085223983C400233830 /* ViewModel.swift */ = {isa = PBXFileReference; lastKnownFileType = sourcecode.swift; path = ViewModel.swift; sourceTree = "<group>"; };
		93872220222DC1C5009EFC54 /* AppDriver.swift */ = {isa = PBXFileReference; lastKnownFileType = sourcecode.swift; path = AppDriver.swift; sourceTree = "<group>"; };
		93AB0C4C222ECA7B008B1D8E /* tracklog-2.gpx */ = {isa = PBXFileReference; lastKnownFileType = text.xml; path = "tracklog-2.gpx"; sourceTree = "<group>"; };
		93CC87EE222D72840003A316 /* FlightComputer.swift */ = {isa = PBXFileReference; lastKnownFileType = sourcecode.swift; path = FlightComputer.swift; sourceTree = "<group>"; };
		93D400072227195C0074BCF3 /* ReactiveDemo.app */ = {isa = PBXFileReference; explicitFileType = wrapper.application; includeInIndex = 0; path = ReactiveDemo.app; sourceTree = BUILT_PRODUCTS_DIR; };
		93D4000A2227195C0074BCF3 /* AppDelegate.swift */ = {isa = PBXFileReference; lastKnownFileType = sourcecode.swift; path = AppDelegate.swift; sourceTree = "<group>"; };
		93D4000C2227195C0074BCF3 /* ViewController.swift */ = {isa = PBXFileReference; lastKnownFileType = sourcecode.swift; path = ViewController.swift; sourceTree = "<group>"; };
		93D400112227195D0074BCF3 /* Assets.xcassets */ = {isa = PBXFileReference; lastKnownFileType = folder.assetcatalog; path = Assets.xcassets; sourceTree = "<group>"; };
		93D400142227195D0074BCF3 /* Base */ = {isa = PBXFileReference; lastKnownFileType = file.storyboard; name = Base; path = Base.lproj/LaunchScreen.storyboard; sourceTree = "<group>"; };
		93D400162227195D0074BCF3 /* Info.plist */ = {isa = PBXFileReference; lastKnownFileType = text.plist.xml; path = Info.plist; sourceTree = "<group>"; };
		93D4001B2227195D0074BCF3 /* ReactiveDemoTests.xctest */ = {isa = PBXFileReference; explicitFileType = wrapper.cfbundle; includeInIndex = 0; path = ReactiveDemoTests.xctest; sourceTree = BUILT_PRODUCTS_DIR; };
		93D4001F2227195D0074BCF3 /* ReactiveDemoTests.swift */ = {isa = PBXFileReference; lastKnownFileType = sourcecode.swift; path = ReactiveDemoTests.swift; sourceTree = "<group>"; };
		93D400212227195D0074BCF3 /* Info.plist */ = {isa = PBXFileReference; lastKnownFileType = text.plist.xml; path = Info.plist; sourceTree = "<group>"; };
		93D4002F222719860074BCF3 /* ReactiveDemoKit.framework */ = {isa = PBXFileReference; explicitFileType = wrapper.framework; includeInIndex = 0; path = ReactiveDemoKit.framework; sourceTree = BUILT_PRODUCTS_DIR; };
		93D40031222719860074BCF3 /* ReactiveDemoKit.h */ = {isa = PBXFileReference; lastKnownFileType = sourcecode.c.h; path = ReactiveDemoKit.h; sourceTree = "<group>"; };
		93D40032222719860074BCF3 /* Info.plist */ = {isa = PBXFileReference; lastKnownFileType = text.plist.xml; path = Info.plist; sourceTree = "<group>"; };
		93D40037222719870074BCF3 /* ReactiveDemoKitTests.xctest */ = {isa = PBXFileReference; explicitFileType = wrapper.cfbundle; includeInIndex = 0; path = ReactiveDemoKitTests.xctest; sourceTree = BUILT_PRODUCTS_DIR; };
		93D4003E222719870074BCF3 /* ReactiveDemoKitTests.swift */ = {isa = PBXFileReference; lastKnownFileType = sourcecode.swift; path = ReactiveDemoKitTests.swift; sourceTree = "<group>"; };
		93D40040222719870074BCF3 /* Info.plist */ = {isa = PBXFileReference; lastKnownFileType = text.plist.xml; path = Info.plist; sourceTree = "<group>"; };
		93D40050222720FA0074BCF3 /* ReactiveSwift.framework */ = {isa = PBXFileReference; lastKnownFileType = wrapper.framework; name = ReactiveSwift.framework; path = Carthage/Build/iOS/ReactiveSwift.framework; sourceTree = "<group>"; };
		93D40051222720FA0074BCF3 /* ReactiveCocoa.framework */ = {isa = PBXFileReference; lastKnownFileType = wrapper.framework; name = ReactiveCocoa.framework; path = Carthage/Build/iOS/ReactiveCocoa.framework; sourceTree = "<group>"; };
		93D40052222720FA0074BCF3 /* Tagged.framework */ = {isa = PBXFileReference; lastKnownFileType = wrapper.framework; name = Tagged.framework; path = Carthage/Build/iOS/Tagged.framework; sourceTree = "<group>"; };
		93D40053222720FA0074BCF3 /* Result.framework */ = {isa = PBXFileReference; lastKnownFileType = wrapper.framework; name = Result.framework; path = Carthage/Build/iOS/Result.framework; sourceTree = "<group>"; };
		93D40054222720FA0074BCF3 /* Overture.framework */ = {isa = PBXFileReference; lastKnownFileType = wrapper.framework; name = Overture.framework; path = Carthage/Build/iOS/Overture.framework; sourceTree = "<group>"; };
		93D4005A2227213B0074BCF3 /* ReactiveDemo.playground */ = {isa = PBXFileReference; lastKnownFileType = file.playground; path = ReactiveDemo.playground; sourceTree = "<group>"; xcLanguageSpecificationIdentifier = xcode.lang.swift; };
		93D400672227257B0074BCF3 /* ReactiveMapKit.framework */ = {isa = PBXFileReference; lastKnownFileType = wrapper.framework; name = ReactiveMapKit.framework; path = Carthage/Build/iOS/ReactiveMapKit.framework; sourceTree = "<group>"; };
		93D4006A222725D50074BCF3 /* Environment.swift */ = {isa = PBXFileReference; lastKnownFileType = sourcecode.swift; path = Environment.swift; sourceTree = "<group>"; };
		93D4006E222726770074BCF3 /* AnyLocationProvider.swift */ = {isa = PBXFileReference; lastKnownFileType = sourcecode.swift; path = AnyLocationProvider.swift; sourceTree = "<group>"; };
		93D40070222726B60074BCF3 /* LocationProviding.swift */ = {isa = PBXFileReference; lastKnownFileType = sourcecode.swift; path = LocationProviding.swift; sourceTree = "<group>"; };
		93D40072222726CF0074BCF3 /* CoreLocationProvider.swift */ = {isa = PBXFileReference; lastKnownFileType = sourcecode.swift; path = CoreLocationProvider.swift; sourceTree = "<group>"; };
		93D40074222726E00074BCF3 /* MockLocationProvider.swift */ = {isa = PBXFileReference; lastKnownFileType = sourcecode.swift; path = MockLocationProvider.swift; sourceTree = "<group>"; };
		93D4007722273B850074BCF3 /* ForeFlightClient.swift */ = {isa = PBXFileReference; lastKnownFileType = sourcecode.swift; path = ForeFlightClient.swift; sourceTree = "<group>"; };
/* End PBXFileReference section */

/* Begin PBXFrameworksBuildPhase section */
		93D400042227195C0074BCF3 /* Frameworks */ = {
			isa = PBXFrameworksBuildPhase;
			buildActionMask = 2147483647;
			files = (
				93D40044222719870074BCF3 /* ReactiveDemoKit.framework in Frameworks */,
			);
			runOnlyForDeploymentPostprocessing = 0;
		};
		93D400182227195D0074BCF3 /* Frameworks */ = {
			isa = PBXFrameworksBuildPhase;
			buildActionMask = 2147483647;
			files = (
			);
			runOnlyForDeploymentPostprocessing = 0;
		};
		93D4002C222719860074BCF3 /* Frameworks */ = {
			isa = PBXFrameworksBuildPhase;
			buildActionMask = 2147483647;
			files = (
				93D400682227257B0074BCF3 /* ReactiveMapKit.framework in Frameworks */,
				93D40055222720FA0074BCF3 /* ReactiveSwift.framework in Frameworks */,
				93D40056222720FA0074BCF3 /* ReactiveCocoa.framework in Frameworks */,
				93D40057222720FA0074BCF3 /* Tagged.framework in Frameworks */,
				93D40058222720FA0074BCF3 /* Result.framework in Frameworks */,
				93D40059222720FA0074BCF3 /* Overture.framework in Frameworks */,
			);
			runOnlyForDeploymentPostprocessing = 0;
		};
		93D40034222719870074BCF3 /* Frameworks */ = {
			isa = PBXFrameworksBuildPhase;
			buildActionMask = 2147483647;
			files = (
				93D40038222719870074BCF3 /* ReactiveDemoKit.framework in Frameworks */,
				936D007C22384A1400233830 /* SnapshotTesting.framework in Frameworks */,
			);
			runOnlyForDeploymentPostprocessing = 0;
		};
/* End PBXFrameworksBuildPhase section */

/* Begin PBXGroup section */
		93D400082227195C0074BCF3 /* Products */ = {
			isa = PBXGroup;
			children = (
				93D400072227195C0074BCF3 /* ReactiveDemo.app */,
				93D4001B2227195D0074BCF3 /* ReactiveDemoTests.xctest */,
				93D4002F222719860074BCF3 /* ReactiveDemoKit.framework */,
				93D40037222719870074BCF3 /* ReactiveDemoKitTests.xctest */,
			);
			name = Products;
			sourceTree = "<group>";
		};
		93D400092227195C0074BCF3 /* ReactiveDemo */ = {
			isa = PBXGroup;
			children = (
				93D4006C222725E40074BCF3 /* Sources */,
				93D4000A2227195C0074BCF3 /* AppDelegate.swift */,
				93D400112227195D0074BCF3 /* Assets.xcassets */,
				93D400132227195D0074BCF3 /* LaunchScreen.storyboard */,
				93D400162227195D0074BCF3 /* Info.plist */,
				93AB0C4C222ECA7B008B1D8E /* tracklog-2.gpx */,
			);
			path = ReactiveDemo;
			sourceTree = "<group>";
		};
		93D4001E2227195D0074BCF3 /* ReactiveDemoTests */ = {
			isa = PBXGroup;
			children = (
				93D4001F2227195D0074BCF3 /* ReactiveDemoTests.swift */,
				93D400212227195D0074BCF3 /* Info.plist */,
			);
			path = ReactiveDemoTests;
			sourceTree = "<group>";
		};
		93D40030222719860074BCF3 /* ReactiveDemoKit */ = {
			isa = PBXGroup;
			children = (
				93D40031222719860074BCF3 /* ReactiveDemoKit.h */,
				93D40032222719860074BCF3 /* Info.plist */,
			);
			path = ReactiveDemoKit;
			sourceTree = "<group>";
		};
		93D4003D222719870074BCF3 /* ReactiveDemoKitTests */ = {
			isa = PBXGroup;
			children = (
				93D4003E222719870074BCF3 /* ReactiveDemoKitTests.swift */,
				93D40040222719870074BCF3 /* Info.plist */,
			);
			path = ReactiveDemoKitTests;
			sourceTree = "<group>";
		};
		93D4004F222720F90074BCF3 /* Frameworks */ = {
			isa = PBXGroup;
			children = (
				936D007A2238496A00233830 /* SnapshotTesting.framework */,
				93D400672227257B0074BCF3 /* ReactiveMapKit.framework */,
				93D40054222720FA0074BCF3 /* Overture.framework */,
				93D40051222720FA0074BCF3 /* ReactiveCocoa.framework */,
				93D40050222720FA0074BCF3 /* ReactiveSwift.framework */,
				93D40053222720FA0074BCF3 /* Result.framework */,
				93D40052222720FA0074BCF3 /* Tagged.framework */,
			);
			name = Frameworks;
			sourceTree = "<group>";
		};
		93D4006C222725E40074BCF3 /* Sources */ = {
			isa = PBXGroup;
			children = (
				93872220222DC1C5009EFC54 /* AppDriver.swift */,
				93D4006A222725D50074BCF3 /* Environment.swift */,
				93D4007722273B850074BCF3 /* ForeFlightClient.swift */,
				93CC87EE222D72840003A316 /* FlightComputer.swift */,
				93D4000C2227195C0074BCF3 /* ViewController.swift */,
				936D0085223983C400233830 /* ViewModel.swift */,
				93D4006E222726770074BCF3 /* AnyLocationProvider.swift */,
				93D40070222726B60074BCF3 /* LocationProviding.swift */,
				93D40072222726CF0074BCF3 /* CoreLocationProvider.swift */,
				93D40074222726E00074BCF3 /* MockLocationProvider.swift */,
				931943432228765400367A7F /* XMLElementFinder.swift */,
				93194345222886FA00367A7F /* Style.swift */,
			);
			path = Sources;
			sourceTree = "<group>";
		};
		93D4FFFE2227195C0074BCF3 = {
			isa = PBXGroup;
			children = (
				93D4005A2227213B0074BCF3 /* ReactiveDemo.playground */,
				93D400092227195C0074BCF3 /* ReactiveDemo */,
				93D4001E2227195D0074BCF3 /* ReactiveDemoTests */,
				93D40030222719860074BCF3 /* ReactiveDemoKit */,
				93D4003D222719870074BCF3 /* ReactiveDemoKitTests */,
				93D400082227195C0074BCF3 /* Products */,
				93D4004F222720F90074BCF3 /* Frameworks */,
			);
			sourceTree = "<group>";
		};
/* End PBXGroup section */

/* Begin PBXHeadersBuildPhase section */
		93D4002A222719860074BCF3 /* Headers */ = {
			isa = PBXHeadersBuildPhase;
			buildActionMask = 2147483647;
			files = (
				93D40041222719870074BCF3 /* ReactiveDemoKit.h in Headers */,
			);
			runOnlyForDeploymentPostprocessing = 0;
		};
/* End PBXHeadersBuildPhase section */

/* Begin PBXNativeTarget section */
		93D400062227195C0074BCF3 /* ReactiveDemo */ = {
			isa = PBXNativeTarget;
			buildConfigurationList = 93D400242227195D0074BCF3 /* Build configuration list for PBXNativeTarget "ReactiveDemo" */;
			buildPhases = (
				93D400032227195C0074BCF3 /* Sources */,
				93D400042227195C0074BCF3 /* Frameworks */,
				93D400052227195C0074BCF3 /* Resources */,
				93D40049222719870074BCF3 /* Embed Frameworks */,
				93D4004D222719DC0074BCF3 /* Carthage Copy Run Script */,
			);
			buildRules = (
			);
			dependencies = (
				93D40043222719870074BCF3 /* PBXTargetDependency */,
			);
			name = ReactiveDemo;
			productName = ReactiveDemo;
			productReference = 93D400072227195C0074BCF3 /* ReactiveDemo.app */;
			productType = "com.apple.product-type.application";
		};
		93D4001A2227195D0074BCF3 /* ReactiveDemoTests */ = {
			isa = PBXNativeTarget;
			buildConfigurationList = 93D400272227195D0074BCF3 /* Build configuration list for PBXNativeTarget "ReactiveDemoTests" */;
			buildPhases = (
				93D400172227195D0074BCF3 /* Sources */,
				93D400182227195D0074BCF3 /* Frameworks */,
				93D400192227195D0074BCF3 /* Resources */,
			);
			buildRules = (
			);
			dependencies = (
				93D4001D2227195D0074BCF3 /* PBXTargetDependency */,
			);
			name = ReactiveDemoTests;
			productName = ReactiveDemoTests;
			productReference = 93D4001B2227195D0074BCF3 /* ReactiveDemoTests.xctest */;
			productType = "com.apple.product-type.bundle.unit-test";
		};
		93D4002E222719860074BCF3 /* ReactiveDemoKit */ = {
			isa = PBXNativeTarget;
			buildConfigurationList = 93D40046222719870074BCF3 /* Build configuration list for PBXNativeTarget "ReactiveDemoKit" */;
			buildPhases = (
				93D4002A222719860074BCF3 /* Headers */,
				93D4002B222719860074BCF3 /* Sources */,
				93D4002C222719860074BCF3 /* Frameworks */,
				93D4002D222719860074BCF3 /* Resources */,
				93D4005B222722760074BCF3 /* CopyFiles */,
			);
			buildRules = (
			);
			dependencies = (
			);
			name = ReactiveDemoKit;
			productName = ReactiveDemoKit;
			productReference = 93D4002F222719860074BCF3 /* ReactiveDemoKit.framework */;
			productType = "com.apple.product-type.framework";
		};
		93D40036222719870074BCF3 /* ReactiveDemoKitTests */ = {
			isa = PBXNativeTarget;
			buildConfigurationList = 93D4004A222719870074BCF3 /* Build configuration list for PBXNativeTarget "ReactiveDemoKitTests" */;
			buildPhases = (
				93D40033222719870074BCF3 /* Sources */,
				93D40034222719870074BCF3 /* Frameworks */,
				93D40035222719870074BCF3 /* Resources */,
				936D007D22384A4200233830 /* CopyFiles */,
			);
			buildRules = (
			);
			dependencies = (
				93D4003A222719870074BCF3 /* PBXTargetDependency */,
				93D4003C222719870074BCF3 /* PBXTargetDependency */,
			);
			name = ReactiveDemoKitTests;
			productName = ReactiveDemoKitTests;
			productReference = 93D40037222719870074BCF3 /* ReactiveDemoKitTests.xctest */;
			productType = "com.apple.product-type.bundle.unit-test";
		};
/* End PBXNativeTarget section */

/* Begin PBXProject section */
		93D4FFFF2227195C0074BCF3 /* Project object */ = {
			isa = PBXProject;
			attributes = {
				LastSwiftUpdateCheck = 1010;
				LastUpgradeCheck = 1010;
				ORGANIZATIONNAME = ForeFlight;
				TargetAttributes = {
					93D400062227195C0074BCF3 = {
						CreatedOnToolsVersion = 10.1;
					};
					93D4001A2227195D0074BCF3 = {
						CreatedOnToolsVersion = 10.1;
						TestTargetID = 93D400062227195C0074BCF3;
					};
					93D4002E222719860074BCF3 = {
						CreatedOnToolsVersion = 10.1;
					};
					93D40036222719870074BCF3 = {
						CreatedOnToolsVersion = 10.1;
						TestTargetID = 93D400062227195C0074BCF3;
					};
				};
			};
			buildConfigurationList = 93D400022227195C0074BCF3 /* Build configuration list for PBXProject "ReactiveDemo" */;
			compatibilityVersion = "Xcode 9.3";
			developmentRegion = en;
			hasScannedForEncodings = 0;
			knownRegions = (
				en,
				Base,
			);
			mainGroup = 93D4FFFE2227195C0074BCF3;
			productRefGroup = 93D400082227195C0074BCF3 /* Products */;
			projectDirPath = "";
			projectRoot = "";
			targets = (
				93D400062227195C0074BCF3 /* ReactiveDemo */,
				93D4001A2227195D0074BCF3 /* ReactiveDemoTests */,
				93D4002E222719860074BCF3 /* ReactiveDemoKit */,
				93D40036222719870074BCF3 /* ReactiveDemoKitTests */,
			);
		};
/* End PBXProject section */

/* Begin PBXResourcesBuildPhase section */
		93D400052227195C0074BCF3 /* Resources */ = {
			isa = PBXResourcesBuildPhase;
			buildActionMask = 2147483647;
			files = (
				93D400152227195D0074BCF3 /* LaunchScreen.storyboard in Resources */,
				93D400122227195D0074BCF3 /* Assets.xcassets in Resources */,
			);
			runOnlyForDeploymentPostprocessing = 0;
		};
		93D400192227195D0074BCF3 /* Resources */ = {
			isa = PBXResourcesBuildPhase;
			buildActionMask = 2147483647;
			files = (
			);
			runOnlyForDeploymentPostprocessing = 0;
		};
		93D4002D222719860074BCF3 /* Resources */ = {
			isa = PBXResourcesBuildPhase;
			buildActionMask = 2147483647;
			files = (
			);
			runOnlyForDeploymentPostprocessing = 0;
		};
		93D40035222719870074BCF3 /* Resources */ = {
			isa = PBXResourcesBuildPhase;
			buildActionMask = 2147483647;
			files = (
			);
			runOnlyForDeploymentPostprocessing = 0;
		};
/* End PBXResourcesBuildPhase section */

/* Begin PBXShellScriptBuildPhase section */
		93D4004D222719DC0074BCF3 /* Carthage Copy Run Script */ = {
			isa = PBXShellScriptBuildPhase;
			buildActionMask = 2147483647;
			files = (
			);
			inputFileListPaths = (
			);
			inputPaths = (
				"$(SRCROOT)/Carthage/Build/iOS/Overture.framework",
				"$(SRCROOT)/Carthage/Build/iOS/ReactiveCocoa.framework",
				"$(SRCROOT)/Carthage/Build/iOS/ReactiveSwift.framework",
				"$(SRCROOT)/Carthage/Build/iOS/Result.framework",
				"$(SRCROOT)/Carthage/Build/iOS/Tagged.framework",
				"$(SRCROOT)/Carthage/Build/iOS/ReactiveMapKit.framework",
			);
			name = "Carthage Copy Run Script";
			outputFileListPaths = (
			);
			outputPaths = (
				"$(BUILT_PRODUCTS_DIR)/$(FRAMEWORKS_FOLDER_PATH)/Overture.framework",
				"$(BUILT_PRODUCTS_DIR)/$(FRAMEWORKS_FOLDER_PATH)/ReactiveCocoa.framework",
				"$(BUILT_PRODUCTS_DIR)/$(FRAMEWORKS_FOLDER_PATH)/ReactiveSwift.framework",
				"$(BUILT_PRODUCTS_DIR)/$(FRAMEWORKS_FOLDER_PATH)/Result.framework",
				"$(BUILT_PRODUCTS_DIR)/$(FRAMEWORKS_FOLDER_PATH)/Tagged.framework",
				"$(BUILT_PRODUCTS_DIR)/$(FRAMEWORKS_FOLDER_PATH)/ReactiveMapKit.framework",
			);
			runOnlyForDeploymentPostprocessing = 0;
			shellPath = /bin/sh;
			shellScript = "/usr/local/bin/carthage copy-frameworks\n";
		};
/* End PBXShellScriptBuildPhase section */

/* Begin PBXSourcesBuildPhase section */
		93D400032227195C0074BCF3 /* Sources */ = {
			isa = PBXSourcesBuildPhase;
			buildActionMask = 2147483647;
			files = (
				93D4000B2227195C0074BCF3 /* AppDelegate.swift in Sources */,
			);
			runOnlyForDeploymentPostprocessing = 0;
		};
		93D400172227195D0074BCF3 /* Sources */ = {
			isa = PBXSourcesBuildPhase;
			buildActionMask = 2147483647;
			files = (
				93D400202227195D0074BCF3 /* ReactiveDemoTests.swift in Sources */,
			);
			runOnlyForDeploymentPostprocessing = 0;
		};
		93D4002B222719860074BCF3 /* Sources */ = {
			isa = PBXSourcesBuildPhase;
			buildActionMask = 2147483647;
			files = (
				93D40075222726E00074BCF3 /* MockLocationProvider.swift in Sources */,
				93D4006F222726770074BCF3 /* AnyLocationProvider.swift in Sources */,
				93CC87EF222D72840003A316 /* FlightComputer.swift in Sources */,
				93D400762227272F0074BCF3 /* CoreLocationProvider.swift in Sources */,
				93D40071222726B60074BCF3 /* LocationProviding.swift in Sources */,
				931943442228765400367A7F /* XMLElementFinder.swift in Sources */,
				93D4004E22271C640074BCF3 /* ViewController.swift in Sources */,
				93D4006D222725F60074BCF3 /* Environment.swift in Sources */,
				931943472228881E00367A7F /* Style.swift in Sources */,
				93872221222DC1C5009EFC54 /* AppDriver.swift in Sources */,
				936D0087223983F400233830 /* ViewModel.swift in Sources */,
				93D4007922273B880074BCF3 /* ForeFlightClient.swift in Sources */,
			);
			runOnlyForDeploymentPostprocessing = 0;
		};
		93D40033222719870074BCF3 /* Sources */ = {
			isa = PBXSourcesBuildPhase;
			buildActionMask = 2147483647;
			files = (
				93D4003F222719870074BCF3 /* ReactiveDemoKitTests.swift in Sources */,
			);
			runOnlyForDeploymentPostprocessing = 0;
		};
/* End PBXSourcesBuildPhase section */

/* Begin PBXTargetDependency section */
		93D4001D2227195D0074BCF3 /* PBXTargetDependency */ = {
			isa = PBXTargetDependency;
			target = 93D400062227195C0074BCF3 /* ReactiveDemo */;
			targetProxy = 93D4001C2227195D0074BCF3 /* PBXContainerItemProxy */;
		};
		93D4003A222719870074BCF3 /* PBXTargetDependency */ = {
			isa = PBXTargetDependency;
			target = 93D4002E222719860074BCF3 /* ReactiveDemoKit */;
			targetProxy = 93D40039222719870074BCF3 /* PBXContainerItemProxy */;
		};
		93D4003C222719870074BCF3 /* PBXTargetDependency */ = {
			isa = PBXTargetDependency;
			target = 93D400062227195C0074BCF3 /* ReactiveDemo */;
			targetProxy = 93D4003B222719870074BCF3 /* PBXContainerItemProxy */;
		};
		93D40043222719870074BCF3 /* PBXTargetDependency */ = {
			isa = PBXTargetDependency;
			target = 93D4002E222719860074BCF3 /* ReactiveDemoKit */;
			targetProxy = 93D40042222719870074BCF3 /* PBXContainerItemProxy */;
		};
/* End PBXTargetDependency section */

/* Begin PBXVariantGroup section */
		93D400132227195D0074BCF3 /* LaunchScreen.storyboard */ = {
			isa = PBXVariantGroup;
			children = (
				93D400142227195D0074BCF3 /* Base */,
			);
			name = LaunchScreen.storyboard;
			sourceTree = "<group>";
		};
/* End PBXVariantGroup section */

/* Begin XCBuildConfiguration section */
		93D400222227195D0074BCF3 /* Debug */ = {
			isa = XCBuildConfiguration;
			buildSettings = {
				ALWAYS_SEARCH_USER_PATHS = NO;
				CLANG_ANALYZER_NONNULL = YES;
				CLANG_ANALYZER_NUMBER_OBJECT_CONVERSION = YES_AGGRESSIVE;
				CLANG_CXX_LANGUAGE_STANDARD = "gnu++14";
				CLANG_CXX_LIBRARY = "libc++";
				CLANG_ENABLE_MODULES = YES;
				CLANG_ENABLE_OBJC_ARC = YES;
				CLANG_ENABLE_OBJC_WEAK = YES;
				CLANG_WARN_BLOCK_CAPTURE_AUTORELEASING = YES;
				CLANG_WARN_BOOL_CONVERSION = YES;
				CLANG_WARN_COMMA = YES;
				CLANG_WARN_CONSTANT_CONVERSION = YES;
				CLANG_WARN_DEPRECATED_OBJC_IMPLEMENTATIONS = YES;
				CLANG_WARN_DIRECT_OBJC_ISA_USAGE = YES_ERROR;
				CLANG_WARN_DOCUMENTATION_COMMENTS = YES;
				CLANG_WARN_EMPTY_BODY = YES;
				CLANG_WARN_ENUM_CONVERSION = YES;
				CLANG_WARN_INFINITE_RECURSION = YES;
				CLANG_WARN_INT_CONVERSION = YES;
				CLANG_WARN_NON_LITERAL_NULL_CONVERSION = YES;
				CLANG_WARN_OBJC_IMPLICIT_RETAIN_SELF = YES;
				CLANG_WARN_OBJC_LITERAL_CONVERSION = YES;
				CLANG_WARN_OBJC_ROOT_CLASS = YES_ERROR;
				CLANG_WARN_RANGE_LOOP_ANALYSIS = YES;
				CLANG_WARN_STRICT_PROTOTYPES = YES;
				CLANG_WARN_SUSPICIOUS_MOVE = YES;
				CLANG_WARN_UNGUARDED_AVAILABILITY = YES_AGGRESSIVE;
				CLANG_WARN_UNREACHABLE_CODE = YES;
				CLANG_WARN__DUPLICATE_METHOD_MATCH = YES;
				CODE_SIGN_IDENTITY = "iPhone Developer";
				COPY_PHASE_STRIP = NO;
				DEBUG_INFORMATION_FORMAT = dwarf;
				ENABLE_STRICT_OBJC_MSGSEND = YES;
				ENABLE_TESTABILITY = YES;
				GCC_C_LANGUAGE_STANDARD = gnu11;
				GCC_DYNAMIC_NO_PIC = NO;
				GCC_NO_COMMON_BLOCKS = YES;
				GCC_OPTIMIZATION_LEVEL = 0;
				GCC_PREPROCESSOR_DEFINITIONS = (
					"DEBUG=1",
					"$(inherited)",
				);
				GCC_WARN_64_TO_32_BIT_CONVERSION = YES;
				GCC_WARN_ABOUT_RETURN_TYPE = YES_ERROR;
				GCC_WARN_UNDECLARED_SELECTOR = YES;
				GCC_WARN_UNINITIALIZED_AUTOS = YES_AGGRESSIVE;
				GCC_WARN_UNUSED_FUNCTION = YES;
				GCC_WARN_UNUSED_VARIABLE = YES;
				IPHONEOS_DEPLOYMENT_TARGET = 12.1;
				MTL_ENABLE_DEBUG_INFO = INCLUDE_SOURCE;
				MTL_FAST_MATH = YES;
				ONLY_ACTIVE_ARCH = YES;
				SDKROOT = iphoneos;
				SWIFT_ACTIVE_COMPILATION_CONDITIONS = DEBUG;
				SWIFT_OPTIMIZATION_LEVEL = "-Onone";
			};
			name = Debug;
		};
		93D400232227195D0074BCF3 /* Release */ = {
			isa = XCBuildConfiguration;
			buildSettings = {
				ALWAYS_SEARCH_USER_PATHS = NO;
				CLANG_ANALYZER_NONNULL = YES;
				CLANG_ANALYZER_NUMBER_OBJECT_CONVERSION = YES_AGGRESSIVE;
				CLANG_CXX_LANGUAGE_STANDARD = "gnu++14";
				CLANG_CXX_LIBRARY = "libc++";
				CLANG_ENABLE_MODULES = YES;
				CLANG_ENABLE_OBJC_ARC = YES;
				CLANG_ENABLE_OBJC_WEAK = YES;
				CLANG_WARN_BLOCK_CAPTURE_AUTORELEASING = YES;
				CLANG_WARN_BOOL_CONVERSION = YES;
				CLANG_WARN_COMMA = YES;
				CLANG_WARN_CONSTANT_CONVERSION = YES;
				CLANG_WARN_DEPRECATED_OBJC_IMPLEMENTATIONS = YES;
				CLANG_WARN_DIRECT_OBJC_ISA_USAGE = YES_ERROR;
				CLANG_WARN_DOCUMENTATION_COMMENTS = YES;
				CLANG_WARN_EMPTY_BODY = YES;
				CLANG_WARN_ENUM_CONVERSION = YES;
				CLANG_WARN_INFINITE_RECURSION = YES;
				CLANG_WARN_INT_CONVERSION = YES;
				CLANG_WARN_NON_LITERAL_NULL_CONVERSION = YES;
				CLANG_WARN_OBJC_IMPLICIT_RETAIN_SELF = YES;
				CLANG_WARN_OBJC_LITERAL_CONVERSION = YES;
				CLANG_WARN_OBJC_ROOT_CLASS = YES_ERROR;
				CLANG_WARN_RANGE_LOOP_ANALYSIS = YES;
				CLANG_WARN_STRICT_PROTOTYPES = YES;
				CLANG_WARN_SUSPICIOUS_MOVE = YES;
				CLANG_WARN_UNGUARDED_AVAILABILITY = YES_AGGRESSIVE;
				CLANG_WARN_UNREACHABLE_CODE = YES;
				CLANG_WARN__DUPLICATE_METHOD_MATCH = YES;
				CODE_SIGN_IDENTITY = "iPhone Developer";
				COPY_PHASE_STRIP = NO;
				DEBUG_INFORMATION_FORMAT = "dwarf-with-dsym";
				ENABLE_NS_ASSERTIONS = NO;
				ENABLE_STRICT_OBJC_MSGSEND = YES;
				GCC_C_LANGUAGE_STANDARD = gnu11;
				GCC_NO_COMMON_BLOCKS = YES;
				GCC_WARN_64_TO_32_BIT_CONVERSION = YES;
				GCC_WARN_ABOUT_RETURN_TYPE = YES_ERROR;
				GCC_WARN_UNDECLARED_SELECTOR = YES;
				GCC_WARN_UNINITIALIZED_AUTOS = YES_AGGRESSIVE;
				GCC_WARN_UNUSED_FUNCTION = YES;
				GCC_WARN_UNUSED_VARIABLE = YES;
				IPHONEOS_DEPLOYMENT_TARGET = 12.1;
				MTL_ENABLE_DEBUG_INFO = NO;
				MTL_FAST_MATH = YES;
				SDKROOT = iphoneos;
				SWIFT_COMPILATION_MODE = wholemodule;
				SWIFT_OPTIMIZATION_LEVEL = "-O";
				VALIDATE_PRODUCT = YES;
			};
			name = Release;
		};
		93D400252227195D0074BCF3 /* Debug */ = {
			isa = XCBuildConfiguration;
			buildSettings = {
				ALWAYS_EMBED_SWIFT_STANDARD_LIBRARIES = YES;
				ASSETCATALOG_COMPILER_APPICON_NAME = AppIcon;
				CODE_SIGN_STYLE = Automatic;
				DEVELOPMENT_TEAM = WE374FT5S8;
				INFOPLIST_FILE = ReactiveDemo/Info.plist;
				LD_RUNPATH_SEARCH_PATHS = (
					"$(inherited)",
					"@executable_path/Frameworks",
				);
				PRODUCT_BUNDLE_IDENTIFIER = com.foreflight.ReactiveDemo;
				PRODUCT_NAME = "$(TARGET_NAME)";
				SWIFT_VERSION = 4.2;
				TARGETED_DEVICE_FAMILY = "1,2";
			};
			name = Debug;
		};
		93D400262227195D0074BCF3 /* Release */ = {
			isa = XCBuildConfiguration;
			buildSettings = {
				ALWAYS_EMBED_SWIFT_STANDARD_LIBRARIES = YES;
				ASSETCATALOG_COMPILER_APPICON_NAME = AppIcon;
				CODE_SIGN_STYLE = Automatic;
				DEVELOPMENT_TEAM = WE374FT5S8;
				INFOPLIST_FILE = ReactiveDemo/Info.plist;
				LD_RUNPATH_SEARCH_PATHS = (
					"$(inherited)",
					"@executable_path/Frameworks",
				);
				PRODUCT_BUNDLE_IDENTIFIER = com.foreflight.ReactiveDemo;
				PRODUCT_NAME = "$(TARGET_NAME)";
				SWIFT_VERSION = 4.2;
				TARGETED_DEVICE_FAMILY = "1,2";
			};
			name = Release;
		};
		93D400282227195D0074BCF3 /* Debug */ = {
			isa = XCBuildConfiguration;
			buildSettings = {
				ALWAYS_EMBED_SWIFT_STANDARD_LIBRARIES = YES;
				BUNDLE_LOADER = "$(TEST_HOST)";
				CODE_SIGN_STYLE = Automatic;
				DEVELOPMENT_TEAM = WE374FT5S8;
				FRAMEWORK_SEARCH_PATHS = (
					"$(inherited)",
					"$(PROJECT_DIR)/Carthage/Build/iOS",
				);
				INFOPLIST_FILE = ReactiveDemoTests/Info.plist;
				LD_RUNPATH_SEARCH_PATHS = (
					"$(inherited)",
					"@executable_path/Frameworks",
					"@loader_path/Frameworks",
				);
				PRODUCT_BUNDLE_IDENTIFIER = com.foreflight.ReactiveDemoTests;
				PRODUCT_NAME = "$(TARGET_NAME)";
				SWIFT_VERSION = 4.2;
				TARGETED_DEVICE_FAMILY = "1,2";
				TEST_HOST = "$(BUILT_PRODUCTS_DIR)/ReactiveDemo.app/ReactiveDemo";
			};
			name = Debug;
		};
		93D400292227195D0074BCF3 /* Release */ = {
			isa = XCBuildConfiguration;
			buildSettings = {
				ALWAYS_EMBED_SWIFT_STANDARD_LIBRARIES = YES;
				BUNDLE_LOADER = "$(TEST_HOST)";
				CODE_SIGN_STYLE = Automatic;
				DEVELOPMENT_TEAM = WE374FT5S8;
				FRAMEWORK_SEARCH_PATHS = (
					"$(inherited)",
					"$(PROJECT_DIR)/Carthage/Build/iOS",
				);
				INFOPLIST_FILE = ReactiveDemoTests/Info.plist;
				LD_RUNPATH_SEARCH_PATHS = (
					"$(inherited)",
					"@executable_path/Frameworks",
					"@loader_path/Frameworks",
				);
				PRODUCT_BUNDLE_IDENTIFIER = com.foreflight.ReactiveDemoTests;
				PRODUCT_NAME = "$(TARGET_NAME)";
				SWIFT_VERSION = 4.2;
				TARGETED_DEVICE_FAMILY = "1,2";
				TEST_HOST = "$(BUILT_PRODUCTS_DIR)/ReactiveDemo.app/ReactiveDemo";
			};
			name = Release;
		};
		93D40047222719870074BCF3 /* Debug */ = {
			isa = XCBuildConfiguration;
			buildSettings = {
				CODE_SIGN_IDENTITY = "";
				CODE_SIGN_STYLE = Automatic;
				CURRENT_PROJECT_VERSION = 1;
				DEFINES_MODULE = YES;
				DEVELOPMENT_TEAM = WE374FT5S8;
				DYLIB_COMPATIBILITY_VERSION = 1;
				DYLIB_CURRENT_VERSION = 1;
				DYLIB_INSTALL_NAME_BASE = "@rpath";
				FRAMEWORK_SEARCH_PATHS = (
					"$(inherited)",
					"$(PROJECT_DIR)/Carthage/Build/iOS",
				);
				INFOPLIST_FILE = ReactiveDemoKit/Info.plist;
				INSTALL_PATH = "$(LOCAL_LIBRARY_DIR)/Frameworks";
				LD_RUNPATH_SEARCH_PATHS = (
					"$(inherited)",
					"@executable_path/Frameworks",
					"@loader_path/Frameworks",
				);
				PRODUCT_BUNDLE_IDENTIFIER = com.foreflight.ReactiveDemoKit;
				PRODUCT_NAME = "$(TARGET_NAME:c99extidentifier)";
				SKIP_INSTALL = YES;
				SWIFT_VERSION = 4.2;
				TARGETED_DEVICE_FAMILY = "1,2";
				VERSIONING_SYSTEM = "apple-generic";
				VERSION_INFO_PREFIX = "";
			};
			name = Debug;
		};
		93D40048222719870074BCF3 /* Release */ = {
			isa = XCBuildConfiguration;
			buildSettings = {
				CODE_SIGN_IDENTITY = "";
				CODE_SIGN_STYLE = Automatic;
				CURRENT_PROJECT_VERSION = 1;
				DEFINES_MODULE = YES;
				DEVELOPMENT_TEAM = WE374FT5S8;
				DYLIB_COMPATIBILITY_VERSION = 1;
				DYLIB_CURRENT_VERSION = 1;
				DYLIB_INSTALL_NAME_BASE = "@rpath";
				FRAMEWORK_SEARCH_PATHS = (
					"$(inherited)",
					"$(PROJECT_DIR)/Carthage/Build/iOS",
				);
				INFOPLIST_FILE = ReactiveDemoKit/Info.plist;
				INSTALL_PATH = "$(LOCAL_LIBRARY_DIR)/Frameworks";
				LD_RUNPATH_SEARCH_PATHS = (
					"$(inherited)",
					"@executable_path/Frameworks",
					"@loader_path/Frameworks",
				);
				PRODUCT_BUNDLE_IDENTIFIER = com.foreflight.ReactiveDemoKit;
				PRODUCT_NAME = "$(TARGET_NAME:c99extidentifier)";
				SKIP_INSTALL = YES;
				SWIFT_VERSION = 4.2;
				TARGETED_DEVICE_FAMILY = "1,2";
				VERSIONING_SYSTEM = "apple-generic";
				VERSION_INFO_PREFIX = "";
			};
			name = Release;
		};
		93D4004B222719870074BCF3 /* Debug */ = {
			isa = XCBuildConfiguration;
			buildSettings = {
				ALWAYS_EMBED_SWIFT_STANDARD_LIBRARIES = YES;
				CODE_SIGN_STYLE = Automatic;
				DEVELOPMENT_TEAM = WE374FT5S8;
				FRAMEWORK_SEARCH_PATHS = (
					"$(inherited)",
					"$(PROJECT_DIR)/Carthage/Build/iOS",
				);
				INFOPLIST_FILE = ReactiveDemoKitTests/Info.plist;
				LD_RUNPATH_SEARCH_PATHS = (
					"$(inherited)",
					"@executable_path/Frameworks",
					"@loader_path/Frameworks",
				);
				PRODUCT_BUNDLE_IDENTIFIER = com.foreflight.ReactiveDemoKitTests;
				PRODUCT_NAME = "$(TARGET_NAME)";
				SWIFT_VERSION = 4.2;
				TARGETED_DEVICE_FAMILY = "1,2";
				TEST_HOST = "$(BUILT_PRODUCTS_DIR)/ReactiveDemo.app/ReactiveDemo";
			};
			name = Debug;
		};
		93D4004C222719870074BCF3 /* Release */ = {
			isa = XCBuildConfiguration;
			buildSettings = {
				ALWAYS_EMBED_SWIFT_STANDARD_LIBRARIES = YES;
				CODE_SIGN_STYLE = Automatic;
				DEVELOPMENT_TEAM = WE374FT5S8;
				FRAMEWORK_SEARCH_PATHS = (
					"$(inherited)",
					"$(PROJECT_DIR)/Carthage/Build/iOS",
				);
				INFOPLIST_FILE = ReactiveDemoKitTests/Info.plist;
				LD_RUNPATH_SEARCH_PATHS = (
					"$(inherited)",
					"@executable_path/Frameworks",
					"@loader_path/Frameworks",
				);
				PRODUCT_BUNDLE_IDENTIFIER = com.foreflight.ReactiveDemoKitTests;
				PRODUCT_NAME = "$(TARGET_NAME)";
				SWIFT_VERSION = 4.2;
				TARGETED_DEVICE_FAMILY = "1,2";
				TEST_HOST = "$(BUILT_PRODUCTS_DIR)/ReactiveDemo.app/ReactiveDemo";
			};
			name = Release;
		};
/* End XCBuildConfiguration section */

/* Begin XCConfigurationList section */
		93D400022227195C0074BCF3 /* Build configuration list for PBXProject "ReactiveDemo" */ = {
			isa = XCConfigurationList;
			buildConfigurations = (
				93D400222227195D0074BCF3 /* Debug */,
				93D400232227195D0074BCF3 /* Release */,
			);
			defaultConfigurationIsVisible = 0;
			defaultConfigurationName = Release;
		};
		93D400242227195D0074BCF3 /* Build configuration list for PBXNativeTarget "ReactiveDemo" */ = {
			isa = XCConfigurationList;
			buildConfigurations = (
				93D400252227195D0074BCF3 /* Debug */,
				93D400262227195D0074BCF3 /* Release */,
			);
			defaultConfigurationIsVisible = 0;
			defaultConfigurationName = Release;
		};
		93D400272227195D0074BCF3 /* Build configuration list for PBXNativeTarget "ReactiveDemoTests" */ = {
			isa = XCConfigurationList;
			buildConfigurations = (
				93D400282227195D0074BCF3 /* Debug */,
				93D400292227195D0074BCF3 /* Release */,
			);
			defaultConfigurationIsVisible = 0;
			defaultConfigurationName = Release;
		};
		93D40046222719870074BCF3 /* Build configuration list for PBXNativeTarget "ReactiveDemoKit" */ = {
			isa = XCConfigurationList;
			buildConfigurations = (
				93D40047222719870074BCF3 /* Debug */,
				93D40048222719870074BCF3 /* Release */,
			);
			defaultConfigurationIsVisible = 0;
			defaultConfigurationName = Release;
		};
		93D4004A222719870074BCF3 /* Build configuration list for PBXNativeTarget "ReactiveDemoKitTests" */ = {
			isa = XCConfigurationList;
			buildConfigurations = (
				93D4004B222719870074BCF3 /* Debug */,
				93D4004C222719870074BCF3 /* Release */,
			);
			defaultConfigurationIsVisible = 0;
			defaultConfigurationName = Release;
		};
/* End XCConfigurationList section */
	};
	rootObject = 93D4FFFF2227195C0074BCF3 /* Project object */;
}
